
Microsoft Visual Studio Solution File, Format Version 12.00
# Visual Studio Version 17
VisualStudioVersion = 17.12.35707.178
MinimumVisualStudioVersion = 10.0.40219.1
Project("{FAE04EC0-301F-11D3-BF4B-00C04F79EFBC}") = "WebApp", "WebApp\WebApp.csproj", "{DA96C5F4-CA6B-499A-8D71-4CB7B6D4C865}"
EndProject
Project("{FAE04EC0-301F-11D3-BF4B-00C04F79EFBC}") = "API", "API\API.csproj", "{3728938F-8DA4-41F2-ACF7-E04D59B073D9}"
EndProject
Project("{2150E333-8FDC-42A3-9474-1A3956D46DE8}") = "SQL Scripts", "SQL Scripts", "{B6647A3F-02E8-47D2-963B-DF19677A810E}"
	ProjectSection(SolutionItems) = preProject
		Scripts\Procedimientos SQL.sql = Scripts\Procedimientos SQL.sql
		Scripts\Tablas SQL 2.sql = Scripts\Tablas SQL 2.sql
	EndProjectSection
EndProject
Global
	GlobalSection(SolutionConfigurationPlatforms) = preSolution
		Debug|Any CPU = Debug|Any CPU
		Release|Any CPU = Release|Any CPU
	EndGlobalSection
	GlobalSection(ProjectConfigurationPlatforms) = postSolution
		{DA96C5F4-CA6B-499A-8D71-4CB7B6D4C865}.Debug|Any CPU.ActiveCfg = Debug|Any CPU
		{DA96C5F4-CA6B-499A-8D71-4CB7B6D4C865}.Debug|Any CPU.Build.0 = Debug|Any CPU
		{DA96C5F4-CA6B-499A-8D71-4CB7B6D4C865}.Release|Any CPU.ActiveCfg = Release|Any CPU
		{DA96C5F4-CA6B-499A-8D71-4CB7B6D4C865}.Release|Any CPU.Build.0 = Release|Any CPU
		{3728938F-8DA4-41F2-ACF7-E04D59B073D9}.Debug|Any CPU.ActiveCfg = Debug|Any CPU
		{3728938F-8DA4-41F2-ACF7-E04D59B073D9}.Debug|Any CPU.Build.0 = Debug|Any CPU
		{3728938F-8DA4-41F2-ACF7-E04D59B073D9}.Release|Any CPU.ActiveCfg = Release|Any CPU
		{3728938F-8DA4-41F2-ACF7-E04D59B073D9}.Release|Any CPU.Build.0 = Release|Any CPU
	EndGlobalSection
	GlobalSection(SolutionProperties) = preSolution
		HideSolutionNode = FALSE
	EndGlobalSection
EndGlobal
